
Microsoft Visual Studio Solution File, Format Version 12.00
# Visual Studio 15
VisualStudioVersion = 15.0.27004.2002
MinimumVisualStudioVersion = 10.0.40219.1
Project("{FAE04EC0-301F-11D3-BF4B-00C04F79EFBC}") = "DesignPattern", "DesignPattern\DesignPattern.csproj", "{6AB6CF89-8BF6-48F9-A27A-E94896A7ECD0}"
EndProject
Project("{9A19103F-16F7-4668-BE54-9A1E7A4F7556}") = "C7", "C7\C7.csproj", "{1EBB8CEE-F6AD-451D-A4B4-2890014E1704}"
EndProject
Project("{FAE04EC0-301F-11D3-BF4B-00C04F79EFBC}") = "Substitution", "Substitution\Substitution.csproj", "{B58E9890-E357-4CBA-AE3C-961696A83326}"
EndProject
Global
	GlobalSection(SolutionConfigurationPlatforms) = preSolution
		Debug|Any CPU = Debug|Any CPU
		Release|Any CPU = Release|Any CPU
	EndGlobalSection
	GlobalSection(ProjectConfigurationPlatforms) = postSolution
		{6AB6CF89-8BF6-48F9-A27A-E94896A7ECD0}.Debug|Any CPU.ActiveCfg = Debug|Any CPU
		{6AB6CF89-8BF6-48F9-A27A-E94896A7ECD0}.Debug|Any CPU.Build.0 = Debug|Any CPU
		{6AB6CF89-8BF6-48F9-A27A-E94896A7ECD0}.Release|Any CPU.ActiveCfg = Release|Any CPU
		{6AB6CF89-8BF6-48F9-A27A-E94896A7ECD0}.Release|Any CPU.Build.0 = Release|Any CPU
		{1EBB8CEE-F6AD-451D-A4B4-2890014E1704}.Debug|Any CPU.ActiveCfg = Debug|Any CPU
		{1EBB8CEE-F6AD-451D-A4B4-2890014E1704}.Debug|Any CPU.Build.0 = Debug|Any CPU
		{1EBB8CEE-F6AD-451D-A4B4-2890014E1704}.Release|Any CPU.ActiveCfg = Release|Any CPU
		{1EBB8CEE-F6AD-451D-A4B4-2890014E1704}.Release|Any CPU.Build.0 = Release|Any CPU
		{B58E9890-E357-4CBA-AE3C-961696A83326}.Debug|Any CPU.ActiveCfg = Debug|Any CPU
		{B58E9890-E357-4CBA-AE3C-961696A83326}.Debug|Any CPU.Build.0 = Debug|Any CPU
		{B58E9890-E357-4CBA-AE3C-961696A83326}.Release|Any CPU.ActiveCfg = Release|Any CPU
		{B58E9890-E357-4CBA-AE3C-961696A83326}.Release|Any CPU.Build.0 = Release|Any CPU
	EndGlobalSection
	GlobalSection(SolutionProperties) = preSolution
		HideSolutionNode = FALSE
	EndGlobalSection
	GlobalSection(ExtensibilityGlobals) = postSolution
		SolutionGuid = {AEF319E9-4BD1-4D6C-8C95-43FF278CE9BA}
	EndGlobalSection
EndGlobal
